
Microsoft Visual Studio Solution File, Format Version 12.00
# Visual Studio Version 16
VisualStudioVersion = 16.0.30204.135
MinimumVisualStudioVersion = 10.0.40219.1
Project("{FAE04EC0-301F-11D3-BF4B-00C04F79EFBC}") = "SortVectors", "SortVectors\SortVectors.csproj", "{5387E3B4-1FA7-4A83-A344-8A67F51A227C}"
EndProject
Global
	GlobalSection(SolutionConfigurationPlatforms) = preSolution
		Debug|Any CPU = Debug|Any CPU
		Release|Any CPU = Release|Any CPU
	EndGlobalSection
	GlobalSection(ProjectConfigurationPlatforms) = postSolution
		{5387E3B4-1FA7-4A83-A344-8A67F51A227C}.Debug|Any CPU.ActiveCfg = Debug|Any CPU
		{5387E3B4-1FA7-4A83-A344-8A67F51A227C}.Debug|Any CPU.Build.0 = Debug|Any CPU
		{5387E3B4-1FA7-4A83-A344-8A67F51A227C}.Release|Any CPU.ActiveCfg = Release|Any CPU
		{5387E3B4-1FA7-4A83-A344-8A67F51A227C}.Release|Any CPU.Build.0 = Release|Any CPU
	EndGlobalSection
	GlobalSection(SolutionProperties) = preSolution
		HideSolutionNode = FALSE
	EndGlobalSection
	GlobalSection(ExtensibilityGlobals) = postSolution
		SolutionGuid = {F59B7435-2C16-4D0F-9DEF-1FB9E550C46B}
	EndGlobalSection
EndGlobal
